
Microsoft Visual Studio Solution File, Format Version 12.00
# Visual Studio Version 17
VisualStudioVersion = 17.14.37012.4 d17.14
MinimumVisualStudioVersion = 10.0.40219.1
Project("{FAE04EC0-301F-11D3-BF4B-00C04F79EFBC}") = "Hospital", "Hospital\Hospital.csproj", "{E90C0290-E39A-4B39-ACCE-5A3B47274667}"
EndProject
Global
	GlobalSection(SolutionConfigurationPlatforms) = preSolution
		Debug|Any CPU = Debug|Any CPU
		Release|Any CPU = Release|Any CPU
	EndGlobalSection
	GlobalSection(ProjectConfigurationPlatforms) = postSolution
		{E90C0290-E39A-4B39-ACCE-5A3B47274667}.Debug|Any CPU.ActiveCfg = Debug|Any CPU
		{E90C0290-E39A-4B39-ACCE-5A3B47274667}.Debug|Any CPU.Build.0 = Debug|Any CPU
		{E90C0290-E39A-4B39-ACCE-5A3B47274667}.Release|Any CPU.ActiveCfg = Release|Any CPU
		{E90C0290-E39A-4B39-ACCE-5A3B47274667}.Release|Any CPU.Build.0 = Release|Any CPU
	EndGlobalSection
	GlobalSection(SolutionProperties) = preSolution
		HideSolutionNode = FALSE
	EndGlobalSection
	GlobalSection(ExtensibilityGlobals) = postSolution
		SolutionGuid = {0C610CF1-CD86-4D8C-97F6-1DDD8C145788}
	EndGlobalSection
EndGlobal
